PODS:
  - AppAuth (1.6.2):
    - AppAuth/Core (= 1.6.2)
    - AppAuth/ExternalUserAgent (= 1.6.2)
  - AppAuth/Core (1.6.2)
  - AppAuth/ExternalUserAgent (1.6.2):
    - AppAuth/Core
  - BEMCheckBox (1.4.1)
  - boost (1.76.0)
  - CocoaAsyncSocket (7.6.5)
  - DoubleConversion (1.1.6)
  - EXApplication (5.0.1):
    - ExpoModulesCore
  - EXConstants (14.0.2):
    - ExpoModulesCore
  - EXContacts (11.0.1):
    - ExpoModulesCore
  - EXErrorRecovery (4.0.1):
    - ExpoModulesCore
  - EXFileSystem (15.1.1):
    - ExpoModulesCore
  - EXFont (11.0.1):
    - ExpoModulesCore
  - Expo (47.0.14):
    - ExpoModulesCore
  - ExpoAdapterFBSDKNext (11.3.0):
    - ExpoModulesCore
    - FBSDKCoreKit
    - React-Core
  - ExpoAdapterGoogleSignIn (9.1.0):
    - ExpoModulesCore
    - GoogleSignIn (~> 6.2)
    - React-Core
  - ExpoKeepAwake (11.0.1):
    - ExpoModulesCore
  - ExpoLinearGradient (12.0.1):
    - ExpoModulesCore
  - ExpoModulesCore (1.1.1):
    - React-Core
    - ReactCommon/turbomodule/core
  - EXSplashScreen (0.17.5):
    - ExpoModulesCore
    - React-Core
  - FBAEMKit (15.0.0):
    - FBSDKCoreKit_Basics (= 15.0.0)
  - FBLazyVector (0.70.14)
  - FBReactNativeSpec (0.70.14):
    - RCT-Folly (= 2021.07.22.00)
    - RCTRequired (= 0.70.14)
    - RCTTypeSafety (= 0.70.14)
    - React-Core (= 0.70.14)
    - React-jsi (= 0.70.14)
    - ReactCommon/turbomodule/core (= 0.70.14)
  - FBSDKCoreKit (15.0.0):
    - FBAEMKit (= 15.0.0)
    - FBSDKCoreKit_Basics (= 15.0.0)
  - FBSDKCoreKit_Basics (15.0.0)
  - FBSDKGamingServicesKit (15.0.0):
    - FBSDKCoreKit (= 15.0.0)
    - FBSDKCoreKit_Basics (= 15.0.0)
    - FBSDKShareKit (= 15.0.0)
  - FBSDKLoginKit (15.0.0):
    - FBSDKCoreKit (= 15.0.0)
  - FBSDKShareKit (15.0.0):
    - FBSDKCoreKit (= 15.0.0)
  - Firebase (10.7.0):
    - Firebase/Core (= 10.7.0)
  - Firebase/Core (10.7.0):
    - Firebase/CoreOnly
    - FirebaseAnalytics (~> 10.7.0)
  - Firebase/CoreOnly (10.7.0):
    - FirebaseCore (= 10.7.0)
  - Firebase/Messaging (10.7.0):
    - Firebase/CoreOnly
    - FirebaseMessaging (~> 10.7.0)
  - FirebaseAnalytics (10.7.0):
    - FirebaseAnalytics/AdIdSupport (= 10.7.0)
    - FirebaseCore (~> 10.0)
    - FirebaseInstallations (~> 10.0)
    - GoogleUtilities/AppDelegateSwizzler (~> 7.8)
    - GoogleUtilities/MethodSwizzler (~> 7.8)
    - GoogleUtilities/Network (~> 7.8)
    - "GoogleUtilities/NSData+zlib (~> 7.8)"
    - nanopb (< 2.30910.0, >= 2.30908.0)
  - FirebaseAnalytics/AdIdSupport (10.7.0):
    - FirebaseCore (~> 10.0)
    - FirebaseInstallations (~> 10.0)
    - GoogleAppMeasurement (= 10.7.0)
    - GoogleUtilities/AppDelegateSwizzler (~> 7.8)
    - GoogleUtilities/MethodSwizzler (~> 7.8)
    - GoogleUtilities/Network (~> 7.8)
    - "GoogleUtilities/NSData+zlib (~> 7.8)"
    - nanopb (< 2.30910.0, >= 2.30908.0)
  - FirebaseCore (10.7.0):
    - FirebaseCoreInternal (~> 10.0)
    - GoogleUtilities/Environment (~> 7.8)
    - GoogleUtilities/Logger (~> 7.8)
  - FirebaseCoreExtension (10.7.0):
    - FirebaseCore (~> 10.0)
  - FirebaseCoreInternal (10.19.0):
    - "GoogleUtilities/NSData+zlib (~> 7.8)"
  - FirebaseInstallations (10.19.0):
    - FirebaseCore (~> 10.0)
    - GoogleUtilities/Environment (~> 7.8)
    - GoogleUtilities/UserDefaults (~> 7.8)
    - PromisesObjC (~> 2.1)
  - FirebaseMessaging (10.7.0):
    - FirebaseCore (~> 10.0)
    - FirebaseInstallations (~> 10.0)
    - GoogleDataTransport (~> 9.2)
    - GoogleUtilities/AppDelegateSwizzler (~> 7.8)
    - GoogleUtilities/Environment (~> 7.8)
    - GoogleUtilities/Reachability (~> 7.8)
    - GoogleUtilities/UserDefaults (~> 7.8)
    - nanopb (< 2.30910.0, >= 2.30908.0)
  - Flipper (0.125.0):
    - Flipper-Folly (~> 2.6)
    - Flipper-RSocket (~> 1.4)
  - Flipper-Boost-iOSX (1.76.0.1.11)
  - Flipper-DoubleConversion (3.2.0.1)
  - Flipper-Fmt (7.1.7)
  - Flipper-Folly (2.6.10):
    - Flipper-Boost-iOSX
    - Flipper-DoubleConversion
    - Flipper-Fmt (= 7.1.7)
    - Flipper-Glog
    - libevent (~> 2.1.12)
    - OpenSSL-Universal (= 1.1.1100)
  - Flipper-Glog (0.5.0.5)
  - Flipper-PeerTalk (0.0.4)
  - Flipper-RSocket (1.4.3):
    - Flipper-Folly (~> 2.6)
  - FlipperKit (0.125.0):
    - FlipperKit/Core (= 0.125.0)
  - FlipperKit/Core (0.125.0):
    - Flipper (~> 0.125.0)
    - FlipperKit/CppBridge
    - FlipperKit/FBCxxFollyDynamicConvert
    - FlipperKit/FBDefines
    - FlipperKit/FKPortForwarding
    - SocketRocket (~> 0.6.0)
  - FlipperKit/CppBridge (0.125.0):
    - Flipper (~> 0.125.0)
  - FlipperKit/FBCxxFollyDynamicConvert (0.125.0):
    - Flipper-Folly (~> 2.6)
  - FlipperKit/FBDefines (0.125.0)
  - FlipperKit/FKPortForwarding (0.125.0):
    - CocoaAsyncSocket (~> 7.6)
    - Flipper-PeerTalk (~> 0.0.4)
  - FlipperKit/FlipperKitHighlightOverlay (0.125.0)
  - FlipperKit/FlipperKitLayoutHelpers (0.125.0):
    - FlipperKit/Core
    - FlipperKit/FlipperKitHighlightOverlay
    - FlipperKit/FlipperKitLayoutTextSearchable
  - FlipperKit/FlipperKitLayoutIOSDescriptors (0.125.0):
    - FlipperKit/Core
    - FlipperKit/FlipperKitHighlightOverlay
    - FlipperKit/FlipperKitLayoutHelpers
    - YogaKit (~> 1.18)
  - FlipperKit/FlipperKitLayoutPlugin (0.125.0):
    - FlipperKit/Core
    - FlipperKit/FlipperKitHighlightOverlay
    - FlipperKit/FlipperKitLayoutHelpers
    - FlipperKit/FlipperKitLayoutIOSDescriptors
    - FlipperKit/FlipperKitLayoutTextSearchable
    - YogaKit (~> 1.18)
  - FlipperKit/FlipperKitLayoutTextSearchable (0.125.0)
  - FlipperKit/FlipperKitNetworkPlugin (0.125.0):
    - FlipperKit/Core
  - FlipperKit/FlipperKitReactPlugin (0.125.0):
    - FlipperKit/Core
  - FlipperKit/FlipperKitUserDefaultsPlugin (0.125.0):
    - FlipperKit/Core
  - FlipperKit/SKIOSNetworkPlugin (0.125.0):
    - FlipperKit/Core
    - FlipperKit/FlipperKitNetworkPlugin
  - fmt (6.2.1)
  - glog (0.3.5)
  - GoogleAppMeasurement (10.7.0):
    - GoogleAppMeasurement/AdIdSupport (= 10.7.0)
    - GoogleUtilities/AppDelegateSwizzler (~> 7.8)
    - GoogleUtilities/MethodSwizzler (~> 7.8)
    - GoogleUtilities/Network (~> 7.8)
    - "GoogleUtilities/NSData+zlib (~> 7.8)"
    - nanopb (< 2.30910.0, >= 2.30908.0)
  - GoogleAppMeasurement/AdIdSupport (10.7.0):
    - GoogleAppMeasurement/WithoutAdIdSupport (= 10.7.0)
    - GoogleUtilities/AppDelegateSwizzler (~> 7.8)
    - GoogleUtilities/MethodSwizzler (~> 7.8)
    - GoogleUtilities/Network (~> 7.8)
    - "GoogleUtilities/NSData+zlib (~> 7.8)"
    - nanopb (< 2.30910.0, >= 2.30908.0)
  - GoogleAppMeasurement/WithoutAdIdSupport (10.7.0):
    - GoogleUtilities/AppDelegateSwizzler (~> 7.8)
    - GoogleUtilities/MethodSwizzler (~> 7.8)
    - GoogleUtilities/Network (~> 7.8)
    - "GoogleUtilities/NSData+zlib (~> 7.8)"
    - nanopb (< 2.30910.0, >= 2.30908.0)
  - GoogleDataTransport (9.3.0):
    - GoogleUtilities/Environment (~> 7.7)
    - nanopb (< 2.30910.0, >= 2.30908.0)
    - PromisesObjC (< 3.0, >= 1.2)
  - GoogleSignIn (6.2.4):
    - AppAuth (~> 1.5)
    - GTMAppAuth (~> 1.3)
    - GTMSessionFetcher/Core (< 3.0, >= 1.1)
  - GoogleUtilities (7.12.0):
    - GoogleUtilities/AppDelegateSwizzler (= 7.12.0)
    - GoogleUtilities/Environment (= 7.12.0)
    - GoogleUtilities/ISASwizzler (= 7.12.0)
    - GoogleUtilities/Logger (= 7.12.0)
    - GoogleUtilities/MethodSwizzler (= 7.12.0)
    - GoogleUtilities/Network (= 7.12.0)
    - "GoogleUtilities/NSData+zlib (= 7.12.0)"
    - GoogleUtilities/Reachability (= 7.12.0)
    - GoogleUtilities/SwizzlerTestHelpers (= 7.12.0)
    - GoogleUtilities/UserDefaults (= 7.12.0)
  - GoogleUtilities/AppDelegateSwizzler (7.12.0):
    - GoogleUtilities/Environment
    - GoogleUtilities/Logger
    - GoogleUtilities/Network
  - GoogleUtilities/Environment (7.12.0):
    - PromisesObjC (< 3.0, >= 1.2)
  - GoogleUtilities/ISASwizzler (7.12.0)
  - GoogleUtilities/Logger (7.12.0):
    - GoogleUtilities/Environment
  - GoogleUtilities/MethodSwizzler (7.12.0):
    - GoogleUtilities/Logger
  - GoogleUtilities/Network (7.12.0):
    - GoogleUtilities/Logger
    - "GoogleUtilities/NSData+zlib"
    - GoogleUtilities/Reachability
  - "GoogleUtilities/NSData+zlib (7.12.0)"
  - GoogleUtilities/Reachability (7.12.0):
    - GoogleUtilities/Logger
  - GoogleUtilities/SwizzlerTestHelpers (7.12.0):
    - GoogleUtilities/MethodSwizzler
  - GoogleUtilities/UserDefaults (7.12.0):
    - GoogleUtilities/Logger
  - GTMAppAuth (1.3.1):
    - AppAuth/Core (~> 1.6)
    - GTMSessionFetcher/Core (< 3.0, >= 1.5)
  - GTMSessionFetcher/Core (2.3.0)
  - hermes-engine (0.70.14)
  - libevent (2.1.12)
  - libwebp (1.3.2):
    - libwebp/demux (= 1.3.2)
    - libwebp/mux (= 1.3.2)
    - libwebp/sharpyuv (= 1.3.2)
    - libwebp/webp (= 1.3.2)
  - libwebp/demux (1.3.2):
    - libwebp/webp
  - libwebp/mux (1.3.2):
    - libwebp/demux
  - libwebp/sharpyuv (1.3.2)
  - libwebp/webp (1.3.2):
    - libwebp/sharpyuv
  - lottie-ios (3.4.4)
  - lottie-react-native (5.1.4):
    - lottie-ios (~> 3.4.0)
    - React-Core
  - nanopb (2.30909.1):
    - nanopb/decode (= 2.30909.1)
    - nanopb/encode (= 2.30909.1)
  - nanopb/decode (2.30909.1)
  - nanopb/encode (2.30909.1)
  - OpenSSL-Universal (1.1.1100)
  - PromisesObjC (2.3.1)
  - RCT-Folly (2021.07.22.00):
    - boost
    - DoubleConversion
    - fmt (~> 6.2.1)
    - glog
    - RCT-Folly/Default (= 2021.07.22.00)
  - RCT-Folly/Default (2021.07.22.00):
    - boost
    - DoubleConversion
    - fmt (~> 6.2.1)
    - glog
  - RCT-Folly/Futures (2021.07.22.00):
    - boost
    - DoubleConversion
    - fmt (~> 6.2.1)
    - glog
    - libevent
  - RCTRequired (0.70.14)
  - RCTTypeSafety (0.70.14):
    - FBLazyVector (= 0.70.14)
    - RCTRequired (= 0.70.14)
    - React-Core (= 0.70.14)
  - React (0.70.14):
    - React-Core (= 0.70.14)
    - React-Core/DevSupport (= 0.70.14)
    - React-Core/RCTWebSocket (= 0.70.14)
    - React-RCTActionSheet (= 0.70.14)
    - React-RCTAnimation (= 0.70.14)
    - React-RCTBlob (= 0.70.14)
    - React-RCTImage (= 0.70.14)
    - React-RCTLinking (= 0.70.14)
    - React-RCTNetwork (= 0.70.14)
    - React-RCTSettings (= 0.70.14)
    - React-RCTText (= 0.70.14)
    - React-RCTVibration (= 0.70.14)
  - React-bridging (0.70.14):
    - RCT-Folly (= 2021.07.22.00)
    - React-jsi (= 0.70.14)
  - React-callinvoker (0.70.14)
  - React-Codegen (0.70.14):
    - FBReactNativeSpec (= 0.70.14)
    - RCT-Folly (= 2021.07.22.00)
    - RCTRequired (= 0.70.14)
    - RCTTypeSafety (= 0.70.14)
    - React-Core (= 0.70.14)
    - React-jsi (= 0.70.14)
    - React-jsiexecutor (= 0.70.14)
    - ReactCommon/turbomodule/core (= 0.70.14)
  - React-Core (0.70.14):
    - glog
    - RCT-Folly (= 2021.07.22.00)
    - React-Core/Default (= 0.70.14)
    - React-cxxreact (= 0.70.14)
    - React-jsi (= 0.70.14)
    - React-jsiexecutor (= 0.70.14)
    - React-perflogger (= 0.70.14)
    - Yoga
  - React-Core/CoreModulesHeaders (0.70.14):
    - glog
    - RCT-Folly (= 2021.07.22.00)
    - React-Core/Default
    - React-cxxreact (= 0.70.14)
    - React-jsi (= 0.70.14)
    - React-jsiexecutor (= 0.70.14)
    - React-perflogger (= 0.70.14)
    - Yoga
  - React-Core/Default (0.70.14):
    - glog
    - RCT-Folly (= 2021.07.22.00)
    - React-cxxreact (= 0.70.14)
    - React-jsi (= 0.70.14)
    - React-jsiexecutor (= 0.70.14)
    - React-perflogger (= 0.70.14)
    - Yoga
  - React-Core/DevSupport (0.70.14):
    - glog
    - RCT-Folly (= 2021.07.22.00)
    - React-Core/Default (= 0.70.14)
    - React-Core/RCTWebSocket (= 0.70.14)
    - React-cxxreact (= 0.70.14)
    - React-jsi (= 0.70.14)
    - React-jsiexecutor (= 0.70.14)
    - React-jsinspector (= 0.70.14)
    - React-perflogger (= 0.70.14)
    - Yoga
  - React-Core/RCTActionSheetHeaders (0.70.14):
    - glog
    - RCT-Folly (= 2021.07.22.00)
    - React-Core/Default
    - React-cxxreact (= 0.70.14)
    - React-jsi (= 0.70.14)
    - React-jsiexecutor (= 0.70.14)
    - React-perflogger (= 0.70.14)
    - Yoga
  - React-Core/RCTAnimationHeaders (0.70.14):
    - glog
    - RCT-Folly (= 2021.07.22.00)
    - React-Core/Default
    - React-cxxreact (= 0.70.14)
    - React-jsi (= 0.70.14)
    - React-jsiexecutor (= 0.70.14)
    - React-perflogger (= 0.70.14)
    - Yoga
  - React-Core/RCTBlobHeaders (0.70.14):
    - glog
    - RCT-Folly (= 2021.07.22.00)
    - React-Core/Default
    - React-cxxreact (= 0.70.14)
    - React-jsi (= 0.70.14)
    - React-jsiexecutor (= 0.70.14)
    - React-perflogger (= 0.70.14)
    - Yoga
  - React-Core/RCTImageHeaders (0.70.14):
    - glog
    - RCT-Folly (= 2021.07.22.00)
    - React-Core/Default
    - React-cxxreact (= 0.70.14)
    - React-jsi (= 0.70.14)
    - React-jsiexecutor (= 0.70.14)
    - React-perflogger (= 0.70.14)
    - Yoga
  - React-Core/RCTLinkingHeaders (0.70.14):
    - glog
    - RCT-Folly (= 2021.07.22.00)
    - React-Core/Default
    - React-cxxreact (= 0.70.14)
    - React-jsi (= 0.70.14)
    - React-jsiexecutor (= 0.70.14)
    - React-perflogger (= 0.70.14)
    - Yoga
  - React-Core/RCTNetworkHeaders (0.70.14):
    - glog
    - RCT-Folly (= 2021.07.22.00)
    - React-Core/Default
    - React-cxxreact (= 0.70.14)
    - React-jsi (= 0.70.14)
    - React-jsiexecutor (= 0.70.14)
    - React-perflogger (= 0.70.14)
    - Yoga
  - React-Core/RCTSettingsHeaders (0.70.14):
    - glog
    - RCT-Folly (= 2021.07.22.00)
    - React-Core/Default
    - React-cxxreact (= 0.70.14)
    - React-jsi (= 0.70.14)
    - React-jsiexecutor (= 0.70.14)
    - React-perflogger (= 0.70.14)
    - Yoga
  - React-Core/RCTTextHeaders (0.70.14):
    - glog
    - RCT-Folly (= 2021.07.22.00)
    - React-Core/Default
    - React-cxxreact (= 0.70.14)
    - React-jsi (= 0.70.14)
    - React-jsiexecutor (= 0.70.14)
    - React-perflogger (= 0.70.14)
    - Yoga
  - React-Core/RCTVibrationHeaders (0.70.14):
    - glog
    - RCT-Folly (= 2021.07.22.00)
    - React-Core/Default
    - React-cxxreact (= 0.70.14)
    - React-jsi (= 0.70.14)
    - React-jsiexecutor (= 0.70.14)
    - React-perflogger (= 0.70.14)
    - Yoga
  - React-Core/RCTWebSocket (0.70.14):
    - glog
    - RCT-Folly (= 2021.07.22.00)
    - React-Core/Default (= 0.70.14)
    - React-cxxreact (= 0.70.14)
    - React-jsi (= 0.70.14)
    - React-jsiexecutor (= 0.70.14)
    - React-perflogger (= 0.70.14)
    - Yoga
  - React-CoreModules (0.70.14):
    - RCT-Folly (= 2021.07.22.00)
    - RCTTypeSafety (= 0.70.14)
    - React-Codegen (= 0.70.14)
    - React-Core/CoreModulesHeaders (= 0.70.14)
    - React-jsi (= 0.70.14)
    - React-RCTImage (= 0.70.14)
    - ReactCommon/turbomodule/core (= 0.70.14)
  - React-cxxreact (0.70.14):
    - boost (= 1.76.0)
    - DoubleConversion
    - glog
    - RCT-Folly (= 2021.07.22.00)
    - React-callinvoker (= 0.70.14)
    - React-jsi (= 0.70.14)
    - React-jsinspector (= 0.70.14)
    - React-logger (= 0.70.14)
    - React-perflogger (= 0.70.14)
    - React-runtimeexecutor (= 0.70.14)
  - React-hermes (0.70.14):
    - DoubleConversion
    - glog
    - hermes-engine
    - RCT-Folly (= 2021.07.22.00)
    - RCT-Folly/Futures (= 2021.07.22.00)
    - React-cxxreact (= 0.70.14)
    - React-jsi (= 0.70.14)
    - React-jsiexecutor (= 0.70.14)
    - React-jsinspector (= 0.70.14)
    - React-perflogger (= 0.70.14)
  - React-jsi (0.70.14):
    - boost (= 1.76.0)
    - DoubleConversion
    - glog
    - RCT-Folly (= 2021.07.22.00)
    - React-jsi/Default (= 0.70.14)
  - React-jsi/Default (0.70.14):
    - boost (= 1.76.0)
    - DoubleConversion
    - glog
    - RCT-Folly (= 2021.07.22.00)
  - React-jsiexecutor (0.70.14):
    - DoubleConversion
    - glog
    - RCT-Folly (= 2021.07.22.00)
    - React-cxxreact (= 0.70.14)
    - React-jsi (= 0.70.14)
    - React-perflogger (= 0.70.14)
  - React-jsinspector (0.70.14)
  - React-logger (0.70.14):
    - glog
  - react-native-blob-util (0.17.3):
    - React-Core
  - react-native-date-picker (4.3.5):
    - React-Core
  - react-native-device-country (1.0.4):
    - React-Core
  - react-native-document-picker (8.2.1):
    - React-Core
  - react-native-fbsdk-next (11.3.0):
    - React-Core
    - react-native-fbsdk-next/Core (= 11.3.0)
    - react-native-fbsdk-next/Login (= 11.3.0)
    - react-native-fbsdk-next/Share (= 11.3.0)
  - react-native-fbsdk-next/Core (11.3.0):
    - FBSDKCoreKit (~> 15.0.0)
    - React-Core
  - react-native-fbsdk-next/Login (11.3.0):
    - FBSDKLoginKit (~> 15.0.0)
    - React-Core
  - react-native-fbsdk-next/Share (11.3.0):
    - FBSDKGamingServicesKit (~> 15.0.0)
    - FBSDKShareKit (~> 15.0.0)
    - React-Core
  - react-native-image-picker (5.7.0):
    - React-Core
  - react-native-pager-view (6.0.1):
    - React-Core
  - react-native-pdf (6.7.4):
    - React-Core
  - react-native-safe-area-context (4.4.1):
    - RCT-Folly
    - RCTRequired
    - RCTTypeSafety
    - React-Core
    - ReactCommon/turbomodule/core
  - react-native-version-info (1.1.1):
    - React-Core
  - react-native-video (5.2.1):
    - React-Core
    - react-native-video/Video (= 5.2.1)
  - react-native-video/Video (5.2.1):
    - React-Core
  - react-native-webview (11.23.1):
    - React-Core
  - React-perflogger (0.70.14)
  - React-RCTActionSheet (0.70.14):
    - React-Core/RCTActionSheetHeaders (= 0.70.14)
  - React-RCTAnimation (0.70.14):
    - RCT-Folly (= 2021.07.22.00)
    - RCTTypeSafety (= 0.70.14)
    - React-Codegen (= 0.70.14)
    - React-Core/RCTAnimationHeaders (= 0.70.14)
    - React-jsi (= 0.70.14)
    - ReactCommon/turbomodule/core (= 0.70.14)
  - React-RCTBlob (0.70.14):
    - RCT-Folly (= 2021.07.22.00)
    - React-Codegen (= 0.70.14)
    - React-Core/RCTBlobHeaders (= 0.70.14)
    - React-Core/RCTWebSocket (= 0.70.14)
    - React-jsi (= 0.70.14)
    - React-RCTNetwork (= 0.70.14)
    - ReactCommon/turbomodule/core (= 0.70.14)
  - React-RCTImage (0.70.14):
    - RCT-Folly (= 2021.07.22.00)
    - RCTTypeSafety (= 0.70.14)
    - React-Codegen (= 0.70.14)
    - React-Core/RCTImageHeaders (= 0.70.14)
    - React-jsi (= 0.70.14)
    - React-RCTNetwork (= 0.70.14)
    - ReactCommon/turbomodule/core (= 0.70.14)
  - React-RCTLinking (0.70.14):
    - React-Codegen (= 0.70.14)
    - React-Core/RCTLinkingHeaders (= 0.70.14)
    - React-jsi (= 0.70.14)
    - ReactCommon/turbomodule/core (= 0.70.14)
  - React-RCTNetwork (0.70.14):
    - RCT-Folly (= 2021.07.22.00)
    - RCTTypeSafety (= 0.70.14)
    - React-Codegen (= 0.70.14)
    - React-Core/RCTNetworkHeaders (= 0.70.14)
    - React-jsi (= 0.70.14)
    - ReactCommon/turbomodule/core (= 0.70.14)
  - React-RCTSettings (0.70.14):
    - RCT-Folly (= 2021.07.22.00)
    - RCTTypeSafety (= 0.70.14)
    - React-Codegen (= 0.70.14)
    - React-Core/RCTSettingsHeaders (= 0.70.14)
    - React-jsi (= 0.70.14)
    - ReactCommon/turbomodule/core (= 0.70.14)
  - React-RCTText (0.70.14):
    - React-Core/RCTTextHeaders (= 0.70.14)
  - React-RCTVibration (0.70.14):
    - RCT-Folly (= 2021.07.22.00)
    - React-Codegen (= 0.70.14)
    - React-Core/RCTVibrationHeaders (= 0.70.14)
    - React-jsi (= 0.70.14)
    - ReactCommon/turbomodule/core (= 0.70.14)
  - React-runtimeexecutor (0.70.14):
    - React-jsi (= 0.70.14)
  - ReactCommon/turbomodule/core (0.70.14):
    - DoubleConversion
    - glog
    - RCT-Folly (= 2021.07.22.00)
    - React-bridging (= 0.70.14)
    - React-callinvoker (= 0.70.14)
    - React-Core (= 0.70.14)
    - React-cxxreact (= 0.70.14)
    - React-jsi (= 0.70.14)
    - React-logger (= 0.70.14)
    - React-perflogger (= 0.70.14)
  - RNAppleAuthentication (2.3.0):
    - React-Core
  - RNCAsyncStorage (1.17.12):
    - React-Core
  - RNCCheckbox (0.5.17):
    - BEMCheckBox (~> 1.4)
    - React-Core
  - RNCClipboard (1.13.2):
    - React-Core
  - RNDateTimePicker (6.5.2):
    - React-Core
  - RNFastImage (8.6.3):
    - React-Core
    - SDWebImage (~> 5.11.1)
    - SDWebImageWebPCoder (~> 0.8.4)
  - RNFBApp (17.5.0):
    - Firebase/CoreOnly (= 10.7.0)
    - React-Core
  - RNFBMessaging (17.5.0):
    - Firebase/Messaging (= 10.7.0)
    - FirebaseCoreExtension (= 10.7.0)
    - React-Core
    - RNFBApp
  - RNFileViewer (2.1.5):
    - React-Core
  - RNFS (2.20.0):
    - React-Core
  - RNGestureHandler (2.8.0):
    - React-Core
  - RNGoogleSignin (9.1.0):
    - GoogleSignIn (~> 6.2)
    - React-Core
  - RNImageCropPicker (0.40.2):
    - React-Core
    - React-RCTImage
    - RNImageCropPicker/QBImagePickerController (= 0.40.2)
    - TOCropViewController
  - RNImageCropPicker/QBImagePickerController (0.40.2):
    - React-Core
    - React-RCTImage
    - TOCropViewController
  - RNNotifee (7.8.2):
    - React-Core
    - RNNotifee/NotifeeCore (= 7.8.2)
  - RNNotifee/NotifeeCore (7.8.2):
    - React-Core
  - RNReanimated (2.12.0):
    - DoubleConversion
    - FBLazyVector
    - FBReactNativeSpec
    - glog
    - RCT-Folly
    - RCTRequired
    - RCTTypeSafety
    - React-callinvoker
    - React-Core
    - React-Core/DevSupport
    - React-Core/RCTWebSocket
    - React-CoreModules
    - React-cxxreact
    - React-jsi
    - React-jsiexecutor
    - React-jsinspector
    - React-RCTActionSheet
    - React-RCTAnimation
    - React-RCTBlob
    - React-RCTImage
    - React-RCTLinking
    - React-RCTNetwork
    - React-RCTSettings
    - React-RCTText
    - ReactCommon/turbomodule/core
    - Yoga
  - RNScreens (3.18.2):
    - React-Core
    - React-RCTImage
  - RNSentry (4.9.0):
    - React-Core
    - Sentry/HybridSDK (= 7.31.2)
  - RNShare (8.2.2):
    - React-Core
  - RNSVG (13.4.0):
    - React-Core
  - SDWebImage (5.11.1):
    - SDWebImage/Core (= 5.11.1)
  - SDWebImage/Core (5.11.1)
  - SDWebImageWebPCoder (0.8.5):
    - libwebp (~> 1.0)
    - SDWebImage/Core (~> 5.10)
  - Sentry/HybridSDK (7.31.2)
  - SocketRocket (0.6.1)
  - Stripe (22.8.4):
    - Stripe/Stripe3DS2 (= 22.8.4)
    - StripeApplePay (= 22.8.4)
    - StripeCore (= 22.8.4)
    - StripeUICore (= 22.8.4)
  - stripe-react-native (0.19.0):
    - React-Core
    - Stripe (~> 22.8.1)
    - StripeFinancialConnections (~> 22.8.1)
  - Stripe/Stripe3DS2 (22.8.4):
    - StripeApplePay (= 22.8.4)
    - StripeCore (= 22.8.4)
    - StripeUICore (= 22.8.4)
  - StripeApplePay (22.8.4):
    - StripeCore (= 22.8.4)
  - StripeCore (22.8.4)
  - StripeFinancialConnections (22.8.4):
    - StripeCore (= 22.8.4)
    - StripeUICore (= 22.8.4)
  - StripeUICore (22.8.4):
    - StripeCore (= 22.8.4)
  - TOCropViewController (2.6.1)
  - Yoga (1.14.0)
  - YogaKit (1.18.1):
    - Yoga (~> 1.14)

DEPENDENCIES:
  - boost (from `../node_modules/react-native/third-party-podspecs/boost.podspec`)
  - DoubleConversion (from `../node_modules/react-native/third-party-podspecs/DoubleConversion.podspec`)
  - EXApplication (from `../node_modules/expo-application/ios`)
  - EXConstants (from `../node_modules/expo-constants/ios`)
  - EXContacts (from `../node_modules/expo-contacts/ios`)
  - EXErrorRecovery (from `../node_modules/expo-error-recovery/ios`)
  - EXFileSystem (from `../node_modules/expo-file-system/ios`)
  - EXFont (from `../node_modules/expo-font/ios`)
  - Expo (from `../node_modules/expo`)
  - ExpoAdapterFBSDKNext (from `../node_modules/react-native-fbsdk-next/ios`)
  - "ExpoAdapterGoogleSignIn (from `../node_modules/@react-native-google-signin/google-signin/expo/ios`)"
  - ExpoKeepAwake (from `../node_modules/expo-keep-awake/ios`)
  - ExpoLinearGradient (from `../node_modules/expo-linear-gradient/ios`)
  - ExpoModulesCore (from `../node_modules/expo-modules-core`)
  - EXSplashScreen (from `../node_modules/expo-splash-screen/ios`)
  - FBLazyVector (from `../node_modules/react-native/Libraries/FBLazyVector`)
  - FBReactNativeSpec (from `../node_modules/react-native/React/FBReactNativeSpec`)
  - Firebase
  - FirebaseCore
  - Flipper (= 0.125.0)
  - Flipper-Boost-iOSX (= 1.76.0.1.11)
  - Flipper-DoubleConversion (= 3.2.0.1)
  - Flipper-Fmt (= 7.1.7)
  - Flipper-Folly (= 2.6.10)
  - Flipper-Glog (= 0.5.0.5)
  - Flipper-PeerTalk (= 0.0.4)
  - Flipper-RSocket (= 1.4.3)
  - FlipperKit (= 0.125.0)
  - FlipperKit/Core (= 0.125.0)
  - FlipperKit/CppBridge (= 0.125.0)
  - FlipperKit/FBCxxFollyDynamicConvert (= 0.125.0)
  - FlipperKit/FBDefines (= 0.125.0)
  - FlipperKit/FKPortForwarding (= 0.125.0)
  - FlipperKit/FlipperKitHighlightOverlay (= 0.125.0)
  - FlipperKit/FlipperKitLayoutPlugin (= 0.125.0)
  - FlipperKit/FlipperKitLayoutTextSearchable (= 0.125.0)
  - FlipperKit/FlipperKitNetworkPlugin (= 0.125.0)
  - FlipperKit/FlipperKitReactPlugin (= 0.125.0)
  - FlipperKit/FlipperKitUserDefaultsPlugin (= 0.125.0)
  - FlipperKit/SKIOSNetworkPlugin (= 0.125.0)
  - glog (from `../node_modules/react-native/third-party-podspecs/glog.podspec`)
  - GoogleUtilities
  - hermes-engine (from `../node_modules/react-native/sdks/hermes/hermes-engine.podspec`)
  - libevent (~> 2.1.12)
  - lottie-react-native (from `../node_modules/lottie-react-native`)
  - OpenSSL-Universal (= 1.1.1100)
  - RCT-Folly (from `../node_modules/react-native/third-party-podspecs/RCT-Folly.podspec`)
  - RCTRequired (from `../node_modules/react-native/Libraries/RCTRequired`)
  - RCTTypeSafety (from `../node_modules/react-native/Libraries/TypeSafety`)
  - React (from `../node_modules/react-native/`)
  - React-bridging (from `../node_modules/react-native/ReactCommon`)
  - React-callinvoker (from `../node_modules/react-native/ReactCommon/callinvoker`)
  - React-Codegen (from `build/generated/ios`)
  - React-Core (from `../node_modules/react-native/`)
  - React-Core/DevSupport (from `../node_modules/react-native/`)
  - React-Core/RCTWebSocket (from `../node_modules/react-native/`)
  - React-CoreModules (from `../node_modules/react-native/React/CoreModules`)
  - React-cxxreact (from `../node_modules/react-native/ReactCommon/cxxreact`)
  - React-hermes (from `../node_modules/react-native/ReactCommon/hermes`)
  - React-jsi (from `../node_modules/react-native/ReactCommon/jsi`)
  - React-jsiexecutor (from `../node_modules/react-native/ReactCommon/jsiexecutor`)
  - React-jsinspector (from `../node_modules/react-native/ReactCommon/jsinspector`)
  - React-logger (from `../node_modules/react-native/ReactCommon/logger`)
  - react-native-blob-util (from `../node_modules/react-native-blob-util`)
  - react-native-date-picker (from `../node_modules/react-native-date-picker`)
  - react-native-device-country (from `../node_modules/react-native-device-country`)
  - react-native-document-picker (from `../node_modules/react-native-document-picker`)
  - react-native-fbsdk-next (from `../node_modules/react-native-fbsdk-next`)
  - react-native-image-picker (from `../node_modules/react-native-image-picker`)
  - react-native-pager-view (from `../node_modules/react-native-pager-view`)
  - react-native-pdf (from `../node_modules/react-native-pdf`)
  - react-native-safe-area-context (from `../node_modules/react-native-safe-area-context`)
  - react-native-version-info (from `../node_modules/react-native-version-info`)
  - react-native-video (from `../node_modules/react-native-video`)
  - react-native-webview (from `../node_modules/react-native-webview`)
  - React-perflogger (from `../node_modules/react-native/ReactCommon/reactperflogger`)
  - React-RCTActionSheet (from `../node_modules/react-native/Libraries/ActionSheetIOS`)
  - React-RCTAnimation (from `../node_modules/react-native/Libraries/NativeAnimation`)
  - React-RCTBlob (from `../node_modules/react-native/Libraries/Blob`)
  - React-RCTImage (from `../node_modules/react-native/Libraries/Image`)
  - React-RCTLinking (from `../node_modules/react-native/Libraries/LinkingIOS`)
  - React-RCTNetwork (from `../node_modules/react-native/Libraries/Network`)
  - React-RCTSettings (from `../node_modules/react-native/Libraries/Settings`)
  - React-RCTText (from `../node_modules/react-native/Libraries/Text`)
  - React-RCTVibration (from `../node_modules/react-native/Libraries/Vibration`)
  - React-runtimeexecutor (from `../node_modules/react-native/ReactCommon/runtimeexecutor`)
  - ReactCommon/turbomodule/core (from `../node_modules/react-native/ReactCommon`)
  - "RNAppleAuthentication (from `../node_modules/@invertase/react-native-apple-authentication`)"
  - "RNCAsyncStorage (from `../node_modules/@react-native-async-storage/async-storage`)"
  - "RNCCheckbox (from `../node_modules/@react-native-community/checkbox`)"
  - "RNCClipboard (from `../node_modules/@react-native-clipboard/clipboard`)"
  - "RNDateTimePicker (from `../node_modules/@react-native-community/datetimepicker`)"
  - RNFastImage (from `../node_modules/react-native-fast-image`)
  - "RNFBApp (from `../node_modules/@react-native-firebase/app`)"
  - "RNFBMessaging (from `../node_modules/@react-native-firebase/messaging`)"
  - RNFileViewer (from `../node_modules/react-native-file-viewer`)
  - RNFS (from `../node_modules/react-native-fs`)
  - RNGestureHandler (from `../node_modules/react-native-gesture-handler`)
  - "RNGoogleSignin (from `../node_modules/@react-native-google-signin/google-signin`)"
  - RNImageCropPicker (from `../node_modules/react-native-image-crop-picker`)
  - "RNNotifee (from `../node_modules/@notifee/react-native`)"
  - RNReanimated (from `../node_modules/react-native-reanimated`)
  - RNScreens (from `../node_modules/react-native-screens`)
  - "RNSentry (from `../node_modules/@sentry/react-native`)"
  - RNShare (from `../node_modules/react-native-share`)
  - RNSVG (from `../node_modules/react-native-svg`)
  - "stripe-react-native (from `../node_modules/@stripe/stripe-react-native`)"
  - Yoga (from `../node_modules/react-native/ReactCommon/yoga`)

SPEC REPOS:
  trunk:
    - AppAuth
    - BEMCheckBox
    - CocoaAsyncSocket
    - FBAEMKit
    - FBSDKCoreKit
    - FBSDKCoreKit_Basics
    - FBSDKGamingServicesKit
    - FBSDKLoginKit
    - FBSDKShareKit
    - Firebase
    - FirebaseAnalytics
    - FirebaseCore
    - FirebaseCoreExtension
    - FirebaseCoreInternal
    - FirebaseInstallations
    - FirebaseMessaging
    - Flipper
    - Flipper-Boost-iOSX
    - Flipper-DoubleConversion
    - Flipper-Fmt
    - Flipper-Folly
    - Flipper-Glog
    - Flipper-PeerTalk
    - Flipper-RSocket
    - FlipperKit
    - fmt
    - GoogleAppMeasurement
    - GoogleDataTransport
    - GoogleSignIn
    - GoogleUtilities
    - GTMAppAuth
    - GTMSessionFetcher
    - libevent
    - libwebp
    - lottie-ios
    - nanopb
    - OpenSSL-Universal
    - PromisesObjC
    - SDWebImage
    - SDWebImageWebPCoder
    - Sentry
    - SocketRocket
    - Stripe
    - StripeApplePay
    - StripeCore
    - StripeFinancialConnections
    - StripeUICore
    - TOCropViewController
    - YogaKit

EXTERNAL SOURCES:
  boost:
    :podspec: "../node_modules/react-native/third-party-podspecs/boost.podspec"
  DoubleConversion:
    :podspec: "../node_modules/react-native/third-party-podspecs/DoubleConversion.podspec"
  EXApplication:
    :path: "../node_modules/expo-application/ios"
  EXConstants:
    :path: "../node_modules/expo-constants/ios"
  EXContacts:
    :path: "../node_modules/expo-contacts/ios"
  EXErrorRecovery:
    :path: "../node_modules/expo-error-recovery/ios"
  EXFileSystem:
    :path: "../node_modules/expo-file-system/ios"
  EXFont:
    :path: "../node_modules/expo-font/ios"
  Expo:
    :path: "../node_modules/expo"
  ExpoAdapterFBSDKNext:
    :path: "../node_modules/react-native-fbsdk-next/ios"
  ExpoAdapterGoogleSignIn:
    :path: "../node_modules/@react-native-google-signin/google-signin/expo/ios"
  ExpoKeepAwake:
    :path: "../node_modules/expo-keep-awake/ios"
  ExpoLinearGradient:
    :path: "../node_modules/expo-linear-gradient/ios"
  ExpoModulesCore:
    :path: "../node_modules/expo-modules-core"
  EXSplashScreen:
    :path: "../node_modules/expo-splash-screen/ios"
  FBLazyVector:
    :path: "../node_modules/react-native/Libraries/FBLazyVector"
  FBReactNativeSpec:
    :path: "../node_modules/react-native/React/FBReactNativeSpec"
  glog:
    :podspec: "../node_modules/react-native/third-party-podspecs/glog.podspec"
  hermes-engine:
    :podspec: "../node_modules/react-native/sdks/hermes/hermes-engine.podspec"
  lottie-react-native:
    :path: "../node_modules/lottie-react-native"
  RCT-Folly:
    :podspec: "../node_modules/react-native/third-party-podspecs/RCT-Folly.podspec"
  RCTRequired:
    :path: "../node_modules/react-native/Libraries/RCTRequired"
  RCTTypeSafety:
    :path: "../node_modules/react-native/Libraries/TypeSafety"
  React:
    :path: "../node_modules/react-native/"
  React-bridging:
    :path: "../node_modules/react-native/ReactCommon"
  React-callinvoker:
    :path: "../node_modules/react-native/ReactCommon/callinvoker"
  React-Codegen:
    :path: build/generated/ios
  React-Core:
    :path: "../node_modules/react-native/"
  React-CoreModules:
    :path: "../node_modules/react-native/React/CoreModules"
  React-cxxreact:
    :path: "../node_modules/react-native/ReactCommon/cxxreact"
  React-hermes:
    :path: "../node_modules/react-native/ReactCommon/hermes"
  React-jsi:
    :path: "../node_modules/react-native/ReactCommon/jsi"
  React-jsiexecutor:
    :path: "../node_modules/react-native/ReactCommon/jsiexecutor"
  React-jsinspector:
    :path: "../node_modules/react-native/ReactCommon/jsinspector"
  React-logger:
    :path: "../node_modules/react-native/ReactCommon/logger"
  react-native-blob-util:
    :path: "../node_modules/react-native-blob-util"
  react-native-date-picker:
    :path: "../node_modules/react-native-date-picker"
  react-native-device-country:
    :path: "../node_modules/react-native-device-country"
  react-native-document-picker:
    :path: "../node_modules/react-native-document-picker"
  react-native-fbsdk-next:
    :path: "../node_modules/react-native-fbsdk-next"
  react-native-image-picker:
    :path: "../node_modules/react-native-image-picker"
  react-native-pager-view:
    :path: "../node_modules/react-native-pager-view"
  react-native-pdf:
    :path: "../node_modules/react-native-pdf"
  react-native-safe-area-context:
    :path: "../node_modules/react-native-safe-area-context"
  react-native-version-info:
    :path: "../node_modules/react-native-version-info"
  react-native-video:
    :path: "../node_modules/react-native-video"
  react-native-webview:
    :path: "../node_modules/react-native-webview"
  React-perflogger:
    :path: "../node_modules/react-native/ReactCommon/reactperflogger"
  React-RCTActionSheet:
    :path: "../node_modules/react-native/Libraries/ActionSheetIOS"
  React-RCTAnimation:
    :path: "../node_modules/react-native/Libraries/NativeAnimation"
  React-RCTBlob:
    :path: "../node_modules/react-native/Libraries/Blob"
  React-RCTImage:
    :path: "../node_modules/react-native/Libraries/Image"
  React-RCTLinking:
    :path: "../node_modules/react-native/Libraries/LinkingIOS"
  React-RCTNetwork:
    :path: "../node_modules/react-native/Libraries/Network"
  React-RCTSettings:
    :path: "../node_modules/react-native/Libraries/Settings"
  React-RCTText:
    :path: "../node_modules/react-native/Libraries/Text"
  React-RCTVibration:
    :path: "../node_modules/react-native/Libraries/Vibration"
  React-runtimeexecutor:
    :path: "../node_modules/react-native/ReactCommon/runtimeexecutor"
  ReactCommon:
    :path: "../node_modules/react-native/ReactCommon"
  RNAppleAuthentication:
    :path: "../node_modules/@invertase/react-native-apple-authentication"
  RNCAsyncStorage:
    :path: "../node_modules/@react-native-async-storage/async-storage"
  RNCCheckbox:
    :path: "../node_modules/@react-native-community/checkbox"
  RNCClipboard:
    :path: "../node_modules/@react-native-clipboard/clipboard"
  RNDateTimePicker:
    :path: "../node_modules/@react-native-community/datetimepicker"
  RNFastImage:
    :path: "../node_modules/react-native-fast-image"
  RNFBApp:
    :path: "../node_modules/@react-native-firebase/app"
  RNFBMessaging:
    :path: "../node_modules/@react-native-firebase/messaging"
  RNFileViewer:
    :path: "../node_modules/react-native-file-viewer"
  RNFS:
    :path: "../node_modules/react-native-fs"
  RNGestureHandler:
    :path: "../node_modules/react-native-gesture-handler"
  RNGoogleSignin:
    :path: "../node_modules/@react-native-google-signin/google-signin"
  RNImageCropPicker:
    :path: "../node_modules/react-native-image-crop-picker"
  RNNotifee:
    :path: "../node_modules/@notifee/react-native"
  RNReanimated:
    :path: "../node_modules/react-native-reanimated"
  RNScreens:
    :path: "../node_modules/react-native-screens"
  RNSentry:
    :path: "../node_modules/@sentry/react-native"
  RNShare:
    :path: "../node_modules/react-native-share"
  RNSVG:
    :path: "../node_modules/react-native-svg"
  stripe-react-native:
    :path: "../node_modules/@stripe/stripe-react-native"
  Yoga:
    :path: "../node_modules/react-native/ReactCommon/yoga"

SPEC CHECKSUMS:
  AppAuth: 3bb1d1cd9340bd09f5ed189fb00b1cc28e1e8570
  BEMCheckBox: 5ba6e37ade3d3657b36caecc35c8b75c6c2b1a4e
  boost: a7c83b31436843459a1961bfd74b96033dc77234
  CocoaAsyncSocket: 065fd1e645c7abab64f7a6a2007a48038fdc6a99
  DoubleConversion: 5189b271737e1565bdce30deb4a08d647e3f5f54
  EXApplication: 034b1c40a8e9fe1bff76a1e511ee90dff64ad834
  EXConstants: 3c86653c422dd77e40d10cbbabb3025003977415
  EXContacts: 81d2963abb188d5f79d746cfff94c58cc7e8d713
  EXErrorRecovery: ae43433feb0608a64dc5b1c8363b3e7769a9ea24
  EXFileSystem: 60602b6eefa6873f97172c684b7537c9760b50d6
  EXFont: 319606bfe48c33b5b5063fb0994afdc496befe80
  Expo: 5f4240506a147162542178989696e56e3dd72924
  ExpoAdapterFBSDKNext: 620f4a7b1ca3fe9769d6ea14cd0963851fe94d5f
  ExpoAdapterGoogleSignIn: cacbfcc759de2918c6f530fc079f61b1119ea0b5
  ExpoKeepAwake: 69b59d0a8d2b24de9f82759c39b3821fec030318
  ExpoLinearGradient: b40c2133ad57ae105b1b12a319e314463c817f6b
  ExpoModulesCore: 485dff3a59b036a33b6050c0a5aea3cf1037fdd1
  EXSplashScreen: 3e989924f61a8dd07ee4ea584c6ba14be9b51949
  FBAEMKit: d8312d8451ead46282adc7f3565ffc4965e3a4a7
  FBLazyVector: efad4471d02263013cfcb7a2f75de6ac7565692f
  FBReactNativeSpec: 9cd9542bfdcc64e07bc649f809dd621876f78619
  FBSDKCoreKit: 81879058dd06208c0820fc713d054ca54903e8ba
  FBSDKCoreKit_Basics: eebc9bb69a0e5d133b92dca53a20716227faa454
  FBSDKGamingServicesKit: e0766514d64d26a9f846e793c0a44bc4a236723b
  FBSDKLoginKit: 11995469cd7da16fd4d5245e8d2ec61060479270
  FBSDKShareKit: 9501792c3024580809f811a8a549868699d9bd32
  Firebase: 0219acf760880eeec8ce479895bd7767466d9f81
  FirebaseAnalytics: f8133442ee6f8512e28ff19e62ce15398bfaeace
  FirebaseCore: e317665b9d744727a97e623edbbed009320afdd7
  FirebaseCoreExtension: f17247ba8c61e4d3c8d136b5e2de3cb4ac6a85b6
  FirebaseCoreInternal: b444828ea7cfd594fca83046b95db98a2be4f290
  FirebaseInstallations: 033d199474164db20c8350736842a94fe717b960
  FirebaseMessaging: ac9062bcc35ed56e15a0241d8fd317022499baf8
  Flipper: 26fc4b7382499f1281eb8cb921e5c3ad6de91fe0
  Flipper-Boost-iOSX: fd1e2b8cbef7e662a122412d7ac5f5bea715403c
  Flipper-DoubleConversion: 2dc99b02f658daf147069aad9dbd29d8feb06d30
  Flipper-Fmt: 60cbdd92fc254826e61d669a5d87ef7015396a9b
  Flipper-Folly: 584845625005ff068a6ebf41f857f468decd26b3
  Flipper-Glog: 70c50ce58ddaf67dc35180db05f191692570f446
  Flipper-PeerTalk: 116d8f857dc6ef55c7a5a75ea3ceaafe878aadc9
  Flipper-RSocket: d9d9ade67cbecf6ac10730304bf5607266dd2541
  FlipperKit: cbdee19bdd4e7f05472a66ce290f1b729ba3cb86
  fmt: ff9d55029c625d3757ed641535fd4a75fedc7ce9
  glog: 04b94705f318337d7ead9e6d17c019bd9b1f6b1b
  GoogleAppMeasurement: fe17c92a32207dd5cdd4e8d742767f2da74857f6
  GoogleDataTransport: 57c22343ab29bc686febbf7cbb13bad167c2d8fe
  GoogleSignIn: 5651ce3a61e56ca864160e79b484cd9ed3f49b7a
  GoogleUtilities: 0759d1a57ebb953965c2dfe0ba4c82e95ccc2e34
  GTMAppAuth: 0ff230db599948a9ad7470ca667337803b3fc4dd
  GTMSessionFetcher: 3a63d75eecd6aa32c2fc79f578064e1214dfdec2
  hermes-engine: af3982923f6d1af884ece80592bd40be2c62e064
  libevent: 4049cae6c81cdb3654a443be001fb9bdceff7913
  libwebp: 1786c9f4ff8a279e4dac1e8f385004d5fc253009
  lottie-ios: 8f97d3271e155c2d688875c29cd3c74908aef5f8
  lottie-react-native: b702fab740cdb952a8e2354713d3beda63ff97b0
  nanopb: d4d75c12cd1316f4a64e3c6963f879ecd4b5e0d5
  OpenSSL-Universal: ebc357f1e6bc71fa463ccb2fe676756aff50e88c
  PromisesObjC: c50d2056b5253dadbd6c2bea79b0674bd5a52fa4
  RCT-Folly: 0080d0a6ebf2577475bda044aa59e2ca1f909cda
  RCTRequired: 6f42727926c2ef4836fc23169586f3d8d7f5a6e4
  RCTTypeSafety: de9b538a8f20ae8c780bf38935f37f303b083fc8
  React: 6604c02c25295898e9332c5dbe5d6f140be1e246
  React-bridging: 55de000607b776d7c9b1333f38d1991ef25bf915
  React-callinvoker: aa42aaefd72dbe9218c112fd503eff7ab782bd11
  React-Codegen: 9e13e901ac4d4c46349c2db28b8774fa4274ec18
  React-Core: b046bbaddd981014eaac20cef83de953a0405c1b
  React-CoreModules: 4f0b29e5924b06a868983952265f77fed219f349
  React-cxxreact: 818c9b06607f7972e95eeacb326389429c6a2d38
  React-hermes: 7dcff7820e8ef8146b401432ab30f7c5229d1a18
  React-jsi: 0bf359879bc4c2c908204b1cd789b0a727a7a568
  React-jsiexecutor: 03144eeee729e6a6cb8d7ff2d5653b67315f8f31
  React-jsinspector: 6538dfb58970d1fb9d89c9c34e87713ece6c3cf0
  React-logger: 4e9c3f888b4b5bb72a3ac7f1be7929e776181016
  react-native-blob-util: 99f4d79189252f597fe0d810c57a3733b1b1dea6
  react-native-date-picker: 90d1d60802a20085125657940b944f2bb4e5c113
  react-native-device-country: e4fe1a3037e7087f6371c6f8e98d65ea90959df3
  react-native-document-picker: 69ca2094d8780cfc1e7e613894d15290fdc54bba
  react-native-fbsdk-next: 16e652b5f1236492631185c58ec2ae15b029119d
  react-native-image-picker: 3269f75c251cdcd61ab51b911dd30d6fff8c6169
  react-native-pager-view: 3051346698a0ba0c4e13e40097cc11b00ee03cca
  react-native-pdf: 79aa75e39a80c1d45ffe58aa500f3cf08f267a2e
  react-native-safe-area-context: 99b24a0c5acd0d5dcac2b1a7f18c49ea317be99a
  react-native-version-info: a106f23009ac0db4ee00de39574eb546682579b9
  react-native-video: c26780b224543c62d5e1b2a7244a5cd1b50e8253
  react-native-webview: d33e2db8925d090871ffeb232dfa50cb3a727581
  React-perflogger: 74b2d33200b8c26440c2c39b87a4177d8404655f
  React-RCTActionSheet: 3fdf6b3a85f2ea4b365b267efd9c82aaeb20fe33
  React-RCTAnimation: 9659d5ed57ccbd129516486b2cce38e536841337
  React-RCTBlob: 49ac98cfd9476af046814a2c9126fca1bf0cbe75
  React-RCTImage: b4d2d7d14ad9389bd645bc2daa706ccaead3fc44
  React-RCTLinking: ebf051ed2532652e5290e4fb7c017c42e4e1f0d2
  React-RCTNetwork: 1636df1f91d4c5ad8815ef93f695931af1c0a842
  React-RCTSettings: f6306171fd5d3cd8c5fa0b1803da599784ead5c5
  React-RCTText: 53c106b5fb9e263c2f1e5d6b0733049989d6c428
  React-RCTVibration: d293c50100c0927379e6a80fab86a219e08792ae
  React-runtimeexecutor: 0d01d03375f996484fcc231ccca3fe604a4a5652
  ReactCommon: dce64235f8548b6e4758647310145f5356c8d0cb
  RNAppleAuthentication: e99eaf3c4c01ad8ecb6125dd6f0cfd98871685b5
  RNCAsyncStorage: 09fc8595e6d6f6d5abf16b23a56b257d9c6b7c5b
  RNCCheckbox: a3ca9978cb0846b981d28da4e9914bd437403d77
  RNCClipboard: 60fed4b71560d7bfe40e9d35dea9762b024da86d
  RNDateTimePicker: 3f32aa2247836c12618d346113e5e82ea60ddd9c
  RNFastImage: 5c9c9fed9c076e521b3f509fe79e790418a544e8
  RNFBApp: d59efa0872fff4e27de03cca3c528c203a436ae5
  RNFBMessaging: 216693dd5ba4f18ba65fb39fc73a44a23c26190f
  RNFileViewer: ce7ca3ac370e18554d35d6355cffd7c30437c592
  RNFS: 4ac0f0ea233904cb798630b3c077808c06931688
  RNGestureHandler: 62232ba8f562f7dea5ba1b3383494eb5bf97a4d3
  RNGoogleSignin: c15bdaa7e8a9e190b6169d9c96a4e8380a740f22
  RNImageCropPicker: d9616a0cb9b72e8551ff94a7a5021fbd29050aa5
  RNNotifee: 8e2d3df3f0e9ce8f5d1fe4c967431138190b6175
  RNReanimated: 2a91e85fcd343f8af3c58d3425b99fdd285590a5
  RNScreens: 34cc502acf1b916c582c60003dc3089fa01dc66d
  RNSentry: 6503a8ec616947dbe98be828307c8f49e7686674
  RNShare: d82e10f6b7677f4b0048c23709bd04098d5aee6c
  RNSVG: 07dbd870b0dcdecc99b3a202fa37c8ca163caec2
  SDWebImage: a7f831e1a65eb5e285e3fb046a23fcfbf08e696d
  SDWebImageWebPCoder: 908b83b6adda48effe7667cd2b7f78c897e5111d
  Sentry: b15765d11769852fe78c9add942f7df60ed5dbf5
  SocketRocket: f32cd54efbe0f095c4d7594881e52619cfe80b17
  Stripe: 59f6659e8ea413def19c97c57e23f5ec6ea48cf8
  stripe-react-native: 0e50141806454839806143db5ce514a0cddd4d12
  StripeApplePay: 6e9aebd3d248464836e9fbdaef6e5fb1817d56a6
  StripeCore: 193f27552fb98108ebfe0df11651fe5f38948305
  StripeFinancialConnections: 955c345ada7d0dff1a9bd15c4ebc97eacce4ac75
  StripeUICore: 6a5bbea0164d63bd91000f001903e7901859e1a4
  TOCropViewController: edfd4f25713d56905ad1e0b9f5be3fbe0f59c863
  Yoga: 56413d530d1808044600320ced5baa883acedc44
  YogaKit: f782866e155069a2cca2517aafea43200b01fd5a

PODFILE CHECKSUM: 454db5923e66ba0a5b7e54fdc47c3469a1bd67d9

COCOAPODS: 1.14.3
